// !$*UTF8*$!
{
	archiveVersion = 1;
	classes = {
	};
	objectVersion = 46;
	objects = {

/* Begin PBXFileReference section */
		74A573B4194298840035D468 /* .DS_Store */ = {isa = PBXFileReference; lastKnownFileType = file; path = .DS_Store; sourceTree = "<group>"; };
		74A573B5194298840035D468 /* .git */ = {isa = PBXFileReference; lastKnownFileType = folder; path = .git; sourceTree = "<group>"; };
		74A573B6194298840035D468 /* .gitignore */ = {isa = PBXFileReference; lastKnownFileType = text; path = .gitignore; sourceTree = "<group>"; };
		74A573B7194298840035D468 /* .travis.yml */ = {isa = PBXFileReference; lastKnownFileType = text; path = .travis.yml; sourceTree = "<group>"; };
		74A573B8194298840035D468 /* aclocal.m4 */ = {isa = PBXFileReference; lastKnownFileType = text; path = aclocal.m4; sourceTree = "<group>"; };
		74A573B9194298840035D468 /* autogen.sh */ = {isa = PBXFileReference; lastKnownFileType = text.script.sh; path = autogen.sh; sourceTree = "<group>"; };
		74A573BA194298840035D468 /* autom4te.cache */ = {isa = PBXFileReference; lastKnownFileType = folder; path = autom4te.cache; sourceTree = "<group>"; };
		74A573BB194298840035D468 /* build-aux */ = {isa = PBXFileReference; lastKnownFileType = folder; path = "build-aux"; sourceTree = "<group>"; };
		74A573BC194298840035D468 /* config.h */ = {isa = PBXFileReference; lastKnownFileType = sourcecode.c.h; path = config.h; sourceTree = "<group>"; };
		74A573BD194298840035D468 /* config.h.in */ = {isa = PBXFileReference; lastKnownFileType = text; path = config.h.in; sourceTree = "<group>"; };
		74A573BE194298840035D468 /* config.log */ = {isa = PBXFileReference; lastKnownFileType = text; path = config.log; sourceTree = "<group>"; };
		74A573BF194298840035D468 /* config.status */ = {isa = PBXFileReference; lastKnownFileType = text.script.sh; path = config.status; sourceTree = "<group>"; };
		74A573C0194298840035D468 /* configure */ = {isa = PBXFileReference; lastKnownFileType = text.script.sh; path = configure; sourceTree = "<group>"; };
		74A573C1194298840035D468 /* configure.ac */ = {isa = PBXFileReference; lastKnownFileType = text; path = configure.ac; sourceTree = "<group>"; };
		74A573C2194298840035D468 /* libtool */ = {isa = PBXFileReference; lastKnownFileType = text.script.sh; path = libtool; sourceTree = "<group>"; };
		74A573C3194298840035D468 /* LICENSE */ = {isa = PBXFileReference; lastKnownFileType = text; path = LICENSE; sourceTree = "<group>"; };
		74A573C4194298840035D468 /* Makefile */ = {isa = PBXFileReference; lastKnownFileType = sourcecode.make; path = Makefile; sourceTree = "<group>"; };
		74A573C5194298840035D468 /* Makefile.am */ = {isa = PBXFileReference; lastKnownFileType = text; path = Makefile.am; sourceTree = "<group>"; };
		74A573C6194298840035D468 /* Makefile.in */ = {isa = PBXFileReference; lastKnownFileType = text; path = Makefile.in; sourceTree = "<group>"; };
		74A573C7194298840035D468 /* README.md */ = {isa = PBXFileReference; lastKnownFileType = text; path = README.md; sourceTree = "<group>"; };
		74A573C8194298840035D468 /* src */ = {isa = PBXFileReference; lastKnownFileType = folder; path = src; sourceTree = "<group>"; };
		74A573C9194298840035D468 /* stamp-h1 */ = {isa = PBXFileReference; lastKnownFileType = text; path = "stamp-h1"; sourceTree = "<group>"; };
		74A573CA194298840035D468 /* VERSION */ = {isa = PBXFileReference; lastKnownFileType = text; path = VERSION; sourceTree = "<group>"; };
/* End PBXFileReference section */

/* Begin PBXGroup section */
		74A573AE194298840035D468 = {
			isa = PBXGroup;
			children = (
				74A573B4194298840035D468 /* .DS_Store */,
				74A573B5194298840035D468 /* .git */,
				74A573B6194298840035D468 /* .gitignore */,
				74A573B7194298840035D468 /* .travis.yml */,
				74A573B8194298840035D468 /* aclocal.m4 */,
				74A573B9194298840035D468 /* autogen.sh */,
				74A573BA194298840035D468 /* autom4te.cache */,
				74A573BB194298840035D468 /* build-aux */,
				74A573BC194298840035D468 /* config.h */,
				74A573BD194298840035D468 /* config.h.in */,
				74A573BE194298840035D468 /* config.log */,
				74A573BF194298840035D468 /* config.status */,
				74A573C0194298840035D468 /* configure */,
				74A573C1194298840035D468 /* configure.ac */,
				74A573C2194298840035D468 /* libtool */,
				74A573C3194298840035D468 /* LICENSE */,
				74A573C4194298840035D468 /* Makefile */,
				74A573C5194298840035D468 /* Makefile.am */,
				74A573C6194298840035D468 /* Makefile.in */,
				74A573C7194298840035D468 /* README.md */,
				74A573C8194298840035D468 /* src */,
				74A573C9194298840035D468 /* stamp-h1 */,
				74A573CA194298840035D468 /* VERSION */,
			);
			sourceTree = "<group>";
		};
/* End PBXGroup section */

/* Begin PBXLegacyTarget section */
		74A573B3194298840035D468 /* libbmwrapper */ = {
			isa = PBXLegacyTarget;
			buildArgumentsString = "$(ACTION)";
			buildConfigurationList = 74A573CB194298840035D468 /* Build configuration list for PBXLegacyTarget "libbmwrapper" */;
			buildPhases = (
			);
			buildToolPath = /usr/bin/make;
			buildWorkingDirectory = /Users/yamamushi/programming/monetas/libbmwrapper;
			dependencies = (
			);
			name = libbmwrapper;
			passBuildSettingsInEnvironment = 0;
			productName = libbmwrapper;
		};
/* End PBXLegacyTarget section */

/* Begin PBXProject section */
		74A573AF194298840035D468 /* Project object */ = {
			isa = PBXProject;
			attributes = {
			};
			buildConfigurationList = 74A573B2194298840035D468 /* Build configuration list for PBXProject "libbmwrapper" */;
			compatibilityVersion = "Xcode 3.2";
			developmentRegion = English;
			hasScannedForEncodings = 0;
			knownRegions = (
				en,
			);
			mainGroup = 74A573AE194298840035D468;
			projectDirPath = "";
			projectRoot = "";
			targets = (
				74A573B3194298840035D468 /* libbmwrapper */,
			);
		};
/* End PBXProject section */

/* Begin XCBuildConfiguration section */
		74A573B0194298840035D468 /* Debug */ = {
			isa = XCBuildConfiguration;
			buildSettings = {
				ARCHS = "$(ARCHS_STANDARD_32_BIT)";
				COPY_PHASE_STRIP = NO;
				GCC_WARN_ABOUT_RETURN_TYPE = YES;
				GCC_WARN_UNUSED_VARIABLE = YES;
				ONLY_ACTIVE_ARCH = YES;
				SDKROOT = macosx10.6;
			};
			name = Debug;
		};
		74A573B1194298840035D468 /* Release */ = {
			isa = XCBuildConfiguration;
			buildSettings = {
				ARCHS = "$(ARCHS_STANDARD_32_BIT)";
				COPY_PHASE_STRIP = YES;
				GCC_WARN_ABOUT_RETURN_TYPE = YES;
				GCC_WARN_UNUSED_VARIABLE = YES;
				SDKROOT = macosx10.6;
			};
			name = Release;
		};
		74A573CC194298840035D468 /* Debug */ = {
			isa = XCBuildConfiguration;
			buildSettings = {
				ARCHS = "$(ARCHS_STANDARD_64_BIT)";
				COPY_PHASE_STRIP = NO;
				DEBUGGING_SYMBOLS = YES;
				GCC_DYNAMIC_NO_PIC = NO;
				GCC_ENABLE_FIX_AND_CONTINUE = YES;
				GCC_GENERATE_DEBUGGING_SYMBOLS = YES;
				GCC_OPTIMIZATION_LEVEL = 0;
				OTHER_CFLAGS = "";
				OTHER_LDFLAGS = "";
				PRODUCT_NAME = libbmwrapper;
				SDKROOT = "";
			};
			name = Debug;
		};
		74A573CD194298840035D468 /* Release */ = {
			isa = XCBuildConfiguration;
			buildSettings = {
				ARCHS = "$(ARCHS_STANDARD_64_BIT)";
				COPY_PHASE_STRIP = YES;
				DEBUG_INFORMATION_FORMAT = "dwarf-with-dsym";
				GCC_ENABLE_FIX_AND_CONTINUE = NO;
				OTHER_CFLAGS = "";
				OTHER_LDFLAGS = "";
				PRODUCT_NAME = libbmwrapper;
				SDKROOT = "";
			};
			name = Release;
		};
/* End XCBuildConfiguration section */

/* Begin XCConfigurationList section */
		74A573B2194298840035D468 /* Build configuration list for PBXProject "libbmwrapper" */ = {
			isa = XCConfigurationList;
			buildConfigurations = (
				74A573B0194298840035D468 /* Debug */,
				74A573B1194298840035D468 /* Release */,
			);
			defaultConfigurationIsVisible = 0;
			defaultConfigurationName = Release;
		};
		74A573CB194298840035D468 /* Build configuration list for PBXLegacyTarget "libbmwrapper" */ = {
			isa = XCConfigurationList;
			buildConfigurations = (
				74A573CC194298840035D468 /* Debug */,
				74A573CD194298840035D468 /* Release */,
			);
			defaultConfigurationIsVisible = 0;
			defaultConfigurationName = Release;
		};
/* End XCConfigurationList section */
	};
	rootObject = 74A573AF194298840035D468 /* Project object */;
}
